
Microsoft Visual Studio Solution File, Format Version 12.00
# Visual Studio Version 17
VisualStudioVersion = 17.12.35506.116 d17.12
MinimumVisualStudioVersion = 10.0.40219.1
Project("{FAE04EC0-301F-11D3-BF4B-00C04F79EFBC}") = "WindowsFormİleDLLKullanimi", "WindowsFormİleDLLKullanimi.csproj", "{44A70ACF-3F6A-4156-BA72-6F319A6279A4}"
EndProject
Project("{FAE04EC0-301F-11D3-BF4B-00C04F79EFBC}") = "Matematikİslemleri", "..\Matematikİslemleri\Matematikİslemleri.csproj", "{938E1506-8EA8-4D99-82C0-B62A81217C58}"
EndProject
Global
	GlobalSection(SolutionConfigurationPlatforms) = preSolution
		Debug|Any CPU = Debug|Any CPU
		Release|Any CPU = Release|Any CPU
	EndGlobalSection
	GlobalSection(ProjectConfigurationPlatforms) = postSolution
		{44A70ACF-3F6A-4156-BA72-6F319A6279A4}.Debug|Any CPU.ActiveCfg = Debug|Any CPU
		{44A70ACF-3F6A-4156-BA72-6F319A6279A4}.Debug|Any CPU.Build.0 = Debug|Any CPU
		{44A70ACF-3F6A-4156-BA72-6F319A6279A4}.Release|Any CPU.ActiveCfg = Release|Any CPU
		{44A70ACF-3F6A-4156-BA72-6F319A6279A4}.Release|Any CPU.Build.0 = Release|Any CPU
		{938E1506-8EA8-4D99-82C0-B62A81217C58}.Debug|Any CPU.ActiveCfg = Debug|Any CPU
		{938E1506-8EA8-4D99-82C0-B62A81217C58}.Debug|Any CPU.Build.0 = Debug|Any CPU
		{938E1506-8EA8-4D99-82C0-B62A81217C58}.Release|Any CPU.ActiveCfg = Release|Any CPU
		{938E1506-8EA8-4D99-82C0-B62A81217C58}.Release|Any CPU.Build.0 = Release|Any CPU
	EndGlobalSection
	GlobalSection(SolutionProperties) = preSolution
		HideSolutionNode = FALSE
	EndGlobalSection
EndGlobal
